// !$*UTF8*$!
{
	archiveVersion = 1;
	classes = {
	};
	objectVersion = 110;
	objects = {

/* Begin PBXBuildFile section */
		257D4058305EA358002072CB /* Paint All the Time (Watch) Watch App.app in Embed Watch Content */ = {isa = PBXBuildFile; fileRef = 257D4057305EA358002072CB /* Paint All the Time (Watch) Watch App.app */; settings = {ATTRIBUTES = (RemoveHeadersOnCopy, ); }; };
		B20000010000000000000001 /* Preset Photos in Resources */ = {isa = PBXBuildFile; fileRef = B20000020000000000000002 /* Preset Photos */; };
/* End PBXBuildFile section */

/* Begin PBXContainerItemProxy section */
		257D4059305EA358002072CB /* PBXContainerItemProxy */ = {
			isa = PBXContainerItemProxy;
			containerPortal = 25AC818F305D90C700C8F69E /* Project object */;
			proxyType = 1;
			remoteGlobalIDString = 257D4056305EA358002072CB;
			remoteInfo = "Paint All the Time (Watch) Watch App";
		};
/* End PBXContainerItemProxy section */

/* Begin PBXCopyFilesBuildPhase section */
		257D4064305EA359002072CB /* Embed Watch Content */ = {
			isa = PBXCopyFilesBuildPhase;
			dstPath = "$(CONTENTS_FOLDER_PATH)/Watch";
			dstSubfolder = Product;
			files = (
				257D4058305EA358002072CB /* Paint All the Time (Watch) Watch App.app in Embed Watch Content */,
			);
			name = "Embed Watch Content";
		};
/* End PBXCopyFilesBuildPhase section */

/* Begin PBXFileReference section */
		257D4052305EA358002072CB /* Paint All the Time (Watch).app */ = {isa = PBXFileReference; explicitFileType = wrapper.application; includeInIndex = 0; path = "Paint All the Time (Watch).app"; sourceTree = BUILT_PRODUCTS_DIR; };
		257D4057305EA358002072CB /* Paint All the Time (Watch) Watch App.app */ = {isa = PBXFileReference; explicitFileType = wrapper.application; includeInIndex = 0; path = "Paint All the Time (Watch) Watch App.app"; sourceTree = BUILT_PRODUCTS_DIR; };
		25AC8197305D90C700C8F69E /* Paint All the Time.app */ = {isa = PBXFileReference; explicitFileType = wrapper.application; includeInIndex = 0; path = "Paint All the Time.app"; sourceTree = BUILT_PRODUCTS_DIR; };
		B20000020000000000000002 /* Preset Photos */ = {isa = PBXFileReference; lastKnownFileType = folder; path = "Preset Photos"; sourceTree = "<group>"; };
/* End PBXFileReference section */

/* Begin PBXFileSystemSynchronizedRootGroup section */
		2523992A3060233F00774395 /* Shared */ = {
			isa = PBXFileSystemSynchronizedRootGroup;
			path = Shared;
			sourceTree = "<group>";
		};
		257D405B305EA358002072CB /* Paint All the Time (Watch) Watch App */ = {
			isa = PBXFileSystemSynchronizedRootGroup;
			path = "Paint All the Time (Watch) Watch App";
			sourceTree = "<group>";
		};
		25AC8199305D90C700C8F69E /* Paint All the Time */ = {
			isa = PBXFileSystemSynchronizedRootGroup;
			path = "Paint All the Time";
			sourceTree = "<group>";
		};
		A10000050000000000000005 /* Paint Anytime iPhone */ = {
			isa = PBXFileSystemSynchronizedRootGroup;
			path = "Paint Anytime iPhone";
			sourceTree = "<group>";
		};
/* End PBXFileSystemSynchronizedRootGroup section */

/* Begin PBXFrameworksBuildPhase section */
		257D4054305EA358002072CB /* Frameworks */ = {
			isa = PBXFrameworksBuildPhase;
			files = (
			);
		};
		25AC8194305D90C700C8F69E /* Frameworks */ = {
			isa = PBXFrameworksBuildPhase;
			files = (
			);
		};
/* End PBXFrameworksBuildPhase section */

/* Begin PBXGroup section */
		25AC818E305D90C700C8F69E = {
			isa = PBXGroup;
			children = (
				B20000020000000000000002 /* Preset Photos */,
				25AC8199305D90C700C8F69E /* Paint All the Time */,
				A10000050000000000000005 /* Paint Anytime iPhone */,
				257D405B305EA358002072CB /* Paint All the Time (Watch) Watch App */,
				25AC8198305D90C700C8F69E /* Products */,
				2523992A3060233F00774395 /* Shared */,
			);
			sourceTree = "<group>";
		};
		25AC8198305D90C700C8F69E /* Products */ = {
			isa = PBXGroup;
			children = (
				25AC8197305D90C700C8F69E /* Paint All the Time.app */,
				257D4052305EA358002072CB /* Paint All the Time (Watch).app */,
				257D4057305EA358002072CB /* Paint All the Time (Watch) Watch App.app */,
			);
			name = Products;
			sourceTree = "<group>";
		};
/* End PBXGroup section */

/* Begin PBXNativeTarget section */
		257D4051305EA358002072CB /* Paint All the Time (Watch) */ = {
			isa = PBXNativeTarget;
			buildConfigurationList = 257D4068305EA359002072CB /* Build configuration list for PBXNativeTarget "Paint All the Time (Watch)" */;
			buildPhases = (
				A10000060000000000000006 /* Sources */,
				257D4050305EA358002072CB /* Resources */,
				257D4064305EA359002072CB /* Embed Watch Content */,
			);
			buildRules = (
			);
			dependencies = (
				257D405A305EA358002072CB /* PBXTargetDependency */,
			);
			fileSystemSynchronizedGroups = (
				A10000050000000000000005 /* Paint Anytime iPhone */,
			);
			name = "Paint All the Time (Watch)";
			productName = "Paint All the Time (Watch)";
			productReference = 257D4052305EA358002072CB /* Paint All the Time (Watch).app */;
			productType = "com.apple.product-type.application";
		};
		257D4056305EA358002072CB /* Paint All the Time (Watch) Watch App */ = {
			isa = PBXNativeTarget;
			buildConfigurationList = 257D4067305EA359002072CB /* Build configuration list for PBXNativeTarget "Paint All the Time (Watch) Watch App" */;
			buildPhases = (
				257D4053305EA358002072CB /* Sources */,
				257D4054305EA358002072CB /* Frameworks */,
				257D4055305EA358002072CB /* Resources */,
			);
			buildRules = (
			);
			fileSystemSynchronizedGroups = (
				2523992A3060233F00774395 /* Shared */,
				257D405B305EA358002072CB /* Paint All the Time (Watch) Watch App */,
			);
			name = "Paint All the Time (Watch) Watch App";
			productName = "Paint All the Time (Watch) Watch App";
			productReference = 257D4057305EA358002072CB /* Paint All the Time (Watch) Watch App.app */;
			productType = "com.apple.product-type.application";
		};
		25AC8196305D90C700C8F69E /* Paint All the Time */ = {
			isa = PBXNativeTarget;
			buildConfigurationList = 25AC81A2305D90C900C8F69E /* Build configuration list for PBXNativeTarget "Paint All the Time" */;
			buildPhases = (
				25AC8193305D90C700C8F69E /* Sources */,
				25AC8194305D90C700C8F69E /* Frameworks */,
				25AC8195305D90C700C8F69E /* Resources */,
			);
			buildRules = (
			);
			fileSystemSynchronizedGroups = (
				2523992A3060233F00774395 /* Shared */,
				25AC8199305D90C700C8F69E /* Paint All the Time */,
			);
			name = "Paint All the Time";
			productName = "Paint All the Time";
			productReference = 25AC8197305D90C700C8F69E /* Paint All the Time.app */;
			productType = "com.apple.product-type.application";
		};
/* End PBXNativeTarget section */

/* Begin PBXProject section */
		25AC818F305D90C700C8F69E /* Project object */ = {
			isa = PBXProject;
			attributes = {
				BuildIndependentTargetsInParallel = 1;
				LastSwiftUpdateCheck = 2700;
				LastUpgradeCheck = 2700;
				TargetAttributes = {
					257D4051305EA358002072CB = {
						CreatedOnToolsVersion = 27.0;
					};
					257D4056305EA358002072CB = {
						CreatedOnToolsVersion = 27.0;
					};
					25AC8196305D90C700C8F69E = {
						CreatedOnToolsVersion = 27.0;
					};
				};
			};
			buildConfigurationList = 25AC8192305D90C700C8F69E /* Build configuration list for PBXProject "Paint All the Time" */;
			developmentRegion = en;
			hasScannedForEncodings = 0;
			knownRegions = (
				en,
				ar,
				cs,
				da,
				nl,
				fi,
				fr,
				de,
				el,
				he,
				hu,
				id,
				it,
				ja,
				ko,
				nb,
				pl,
				"pt-BR",
				"pt-PT",
				ru,
				"zh-Hans",
				es,
				sv,
				th,
				"zh-Hant",
				tr,
				uk,
				vi,
				Base,
			);
			mainGroup = 25AC818E305D90C700C8F69E;
			minimizedProjectReferenceProxies = 1;
			preferredProjectObjectVersion = 77;
			productRefGroup = 25AC8198305D90C700C8F69E /* Products */;
			projectDirPath = "";
			projectRoot = "";
			targets = (
				25AC8196305D90C700C8F69E /* Paint All the Time */,
				257D4051305EA358002072CB /* Paint All the Time (Watch) */,
				257D4056305EA358002072CB /* Paint All the Time (Watch) Watch App */,
			);
		};
/* End PBXProject section */

/* Begin PBXResourcesBuildPhase section */
		257D4050305EA358002072CB /* Resources */ = {
			isa = PBXResourcesBuildPhase;
			files = (
			);
		};
		257D4055305EA358002072CB /* Resources */ = {
			isa = PBXResourcesBuildPhase;
			files = (
				B20000010000000000000001 /* Preset Photos in Resources */,
			);
		};
		25AC8195305D90C700C8F69E /* Resources */ = {
			isa = PBXResourcesBuildPhase;
			files = (
			);
		};
/* End PBXResourcesBuildPhase section */

/* Begin PBXSourcesBuildPhase section */
		257D4053305EA358002072CB /* Sources */ = {
			isa = PBXSourcesBuildPhase;
			files = (
			);
		};
		25AC8193305D90C700C8F69E /* Sources */ = {
			isa = PBXSourcesBuildPhase;
			files = (
			);
		};
		A10000060000000000000006 /* Sources */ = {
			isa = PBXSourcesBuildPhase;
			files = (
			);
		};
/* End PBXSourcesBuildPhase section */

/* Begin PBXTargetDependency section */
		257D405A305EA358002072CB /* PBXTargetDependency */ = {
			isa = PBXTargetDependency;
			target = 257D4056305EA358002072CB /* Paint All the Time (Watch) Watch App */;
			targetProxy = 257D4059305EA358002072CB /* PBXContainerItemProxy */;
		};
/* End PBXTargetDependency section */

/* Begin XCBuildConfiguration section */
		257D4062305EA359002072CB /* Debug configuration for PBXNativeTarget "Paint All the Time (Watch)" */ = {
			isa = XCBuildConfiguration;
			buildSettings = {
				ASSETCATALOG_COMPILER_APPICON_NAME = AppIcon;
				CODE_SIGN_STYLE = Automatic;
				CURRENT_PROJECT_VERSION = 1;
				DEVELOPMENT_TEAM = Q79J5YD4PU;
				GENERATE_INFOPLIST_FILE = YES;
				INFOPLIST_KEY_CFBundleDisplayName = "Paint Anytime";
				INFOPLIST_KEY_NSPhotoLibraryAddUsageDescription = "Сохранять рисунки с Apple Watch в Фото на iPhone.";
				IPHONEOS_DEPLOYMENT_TARGET = 27.0;
				MARKETING_VERSION = 1.0;
				PRODUCT_BUNDLE_IDENTIFIER = "KolchevDenisOrg.Paint-All-the-Time--Watch-";
				PRODUCT_NAME = "$(TARGET_NAME)";
				SDKROOT = iphoneos;
				SWIFT_APPROACHABLE_CONCURRENCY = YES;
				SWIFT_UPCOMING_FEATURE_MEMBER_IMPORT_VISIBILITY = YES;
				SWIFT_VERSION = 5.0;
				TARGETED_DEVICE_FAMILY = "1,2";
			};
			name = Debug;
		};
		257D4063305EA359002072CB /* Release configuration for PBXNativeTarget "Paint All the Time (Watch)" */ = {
			isa = XCBuildConfiguration;
			buildSettings = {
				ASSETCATALOG_COMPILER_APPICON_NAME = AppIcon;
				CODE_SIGN_STYLE = Automatic;
				CURRENT_PROJECT_VERSION = 1;
				DEVELOPMENT_TEAM = Q79J5YD4PU;
				GENERATE_INFOPLIST_FILE = YES;
				INFOPLIST_KEY_CFBundleDisplayName = "Paint Anytime";
				INFOPLIST_KEY_NSPhotoLibraryAddUsageDescription = "Сохранять рисунки с Apple Watch в Фото на iPhone.";
				IPHONEOS_DEPLOYMENT_TARGET = 27.0;
				MARKETING_VERSION = 1.0;
				PRODUCT_BUNDLE_IDENTIFIER = "KolchevDenisOrg.Paint-All-the-Time--Watch-";
				PRODUCT_NAME = "$(TARGET_NAME)";
				SDKROOT = iphoneos;
				SWIFT_APPROACHABLE_CONCURRENCY = YES;
				SWIFT_UPCOMING_FEATURE_MEMBER_IMPORT_VISIBILITY = YES;
				SWIFT_VERSION = 5.0;
				TARGETED_DEVICE_FAMILY = "1,2";
				VALIDATE_PRODUCT = YES;
			};
			name = Release;
		};
		257D4065305EA359002072CB /* Debug configuration for PBXNativeTarget "Paint All the Time (Watch) Watch App" */ = {
			isa = XCBuildConfiguration;
			buildSettings = {
				ASSETCATALOG_COMPILER_APPICON_NAME = AppIcon;
				ASSETCATALOG_COMPILER_GLOBAL_ACCENT_COLOR_NAME = AccentColor;
				CODE_SIGN_STYLE = Automatic;
				CURRENT_PROJECT_VERSION = 1;
				DEVELOPMENT_TEAM = Q79J5YD4PU;
				ENABLE_PREVIEWS = YES;
				GENERATE_INFOPLIST_FILE = YES;
				INFOPLIST_KEY_CFBundleDisplayName = "Paint All the Time (Watch)";
				INFOPLIST_KEY_UISupportedInterfaceOrientations = "UIInterfaceOrientationPortrait UIInterfaceOrientationPortraitUpsideDown";
				INFOPLIST_KEY_WKCompanionAppBundleIdentifier = "KolchevDenisOrg.Paint-All-the-Time--Watch-";
				INFOPLIST_KEY_WKRunsIndependentlyOfCompanionApp = YES;
				INFOPLIST_KEY_WKWatchOnly = NO;
				LD_RUNPATH_SEARCH_PATHS = (
					"$(inherited)",
					"@executable_path/Frameworks",
				);
				MARKETING_VERSION = 1.0;
				PRODUCT_BUNDLE_IDENTIFIER = "KolchevDenisOrg.Paint-All-the-Time--Watch-.watchkitapp";
				PRODUCT_NAME = "$(TARGET_NAME)";
				SDKROOT = watchos;
				SKIP_INSTALL = YES;
				STRING_CATALOG_GENERATE_SYMBOLS = YES;
				SWIFT_APPROACHABLE_CONCURRENCY = YES;
				SWIFT_DEFAULT_ACTOR_ISOLATION = MainActor;
				SWIFT_EMIT_LOC_STRINGS = YES;
				SWIFT_UPCOMING_FEATURE_MEMBER_IMPORT_VISIBILITY = YES;
				SWIFT_VERSION = 5.0;
				TARGETED_DEVICE_FAMILY = 4;
				WATCHOS_DEPLOYMENT_TARGET = 10.0;
			};
			name = Debug;
		};
		257D4066305EA359002072CB /* Release configuration for PBXNativeTarget "Paint All the Time (Watch) Watch App" */ = {
			isa = XCBuildConfiguration;
			buildSettings = {
				ASSETCATALOG_COMPILER_APPICON_NAME = AppIcon;
				ASSETCATALOG_COMPILER_GLOBAL_ACCENT_COLOR_NAME = AccentColor;
				CODE_SIGN_STYLE = Automatic;
				CURRENT_PROJECT_VERSION = 1;
				DEVELOPMENT_TEAM = Q79J5YD4PU;
				ENABLE_PREVIEWS = YES;
				GENERATE_INFOPLIST_FILE = YES;
				INFOPLIST_KEY_CFBundleDisplayName = "Paint All the Time (Watch)";
				INFOPLIST_KEY_UISupportedInterfaceOrientations = "UIInterfaceOrientationPortrait UIInterfaceOrientationPortraitUpsideDown";
				INFOPLIST_KEY_WKCompanionAppBundleIdentifier = "KolchevDenisOrg.Paint-All-the-Time--Watch-";
				INFOPLIST_KEY_WKRunsIndependentlyOfCompanionApp = YES;
				INFOPLIST_KEY_WKWatchOnly = NO;
				LD_RUNPATH_SEARCH_PATHS = (
					"$(inherited)",
					"@executable_path/Frameworks",
				);
				MARKETING_VERSION = 1.0;
				PRODUCT_BUNDLE_IDENTIFIER = "KolchevDenisOrg.Paint-All-the-Time--Watch-.watchkitapp";
				PRODUCT_NAME = "$(TARGET_NAME)";
				SDKROOT = watchos;
				SKIP_INSTALL = YES;
				STRING_CATALOG_GENERATE_SYMBOLS = YES;
				SWIFT_APPROACHABLE_CONCURRENCY = YES;
				SWIFT_DEFAULT_ACTOR_ISOLATION = MainActor;
				SWIFT_EMIT_LOC_STRINGS = YES;
				SWIFT_UPCOMING_FEATURE_MEMBER_IMPORT_VISIBILITY = YES;
				SWIFT_VERSION = 5.0;
				TARGETED_DEVICE_FAMILY = 4;
				VALIDATE_PRODUCT = YES;
				WATCHOS_DEPLOYMENT_TARGET = 10.0;
			};
			name = Release;
		};
		25AC81A0305D90C900C8F69E /* Debug configuration for PBXProject "Paint All the Time" */ = {
			isa = XCBuildConfiguration;
			buildSettings = {
				ALWAYS_SEARCH_USER_PATHS = NO;
				ASSETCATALOG_COMPILER_GENERATE_SWIFT_ASSET_SYMBOL_EXTENSIONS = YES;
				CLANG_ANALYZER_NONNULL = YES;
				CLANG_ANALYZER_NUMBER_OBJECT_CONVERSION = YES_AGGRESSIVE;
				CLANG_CXX_LANGUAGE_STANDARD = "gnu++20";
				CLANG_ENABLE_MODULES = YES;
				CLANG_ENABLE_OBJC_ARC = YES;
				CLANG_ENABLE_OBJC_WEAK = YES;
				CLANG_WARN_BLOCK_CAPTURE_AUTORELEASING = YES;
				CLANG_WARN_BOOL_CONVERSION = YES;
				CLANG_WARN_COMMA = YES;
				CLANG_WARN_CONSTANT_CONVERSION = YES;
				CLANG_WARN_DEPRECATED_OBJC_IMPLEMENTATIONS = YES;
				CLANG_WARN_DIRECT_OBJC_ISA_USAGE = YES_ERROR;
				CLANG_WARN_DOCUMENTATION_COMMENTS = YES;
				CLANG_WARN_EMPTY_BODY = YES;
				CLANG_WARN_ENUM_CONVERSION = YES;
				CLANG_WARN_INFINITE_RECURSION = YES;
				CLANG_WARN_INT_CONVERSION = YES;
				CLANG_WARN_NON_LITERAL_NULL_CONVERSION = YES;
				CLANG_WARN_OBJC_IMPLICIT_RETAIN_SELF = YES;
				CLANG_WARN_OBJC_LITERAL_CONVERSION = YES;
				CLANG_WARN_OBJC_ROOT_CLASS = YES_ERROR;
				CLANG_WARN_QUOTED_INCLUDE_IN_FRAMEWORK_HEADER = YES;
				CLANG_WARN_RANGE_LOOP_ANALYSIS = YES;
				CLANG_WARN_STRICT_PROTOTYPES = YES;
				CLANG_WARN_SUSPICIOUS_MOVE = YES;
				CLANG_WARN_UNGUARDED_AVAILABILITY = YES_AGGRESSIVE;
				CLANG_WARN_UNREACHABLE_CODE = YES;
				CLANG_WARN__DUPLICATE_METHOD_MATCH = YES;
				COPY_PHASE_STRIP = NO;
				DEBUG_INFORMATION_FORMAT = dwarf;
				DEVELOPMENT_TEAM = Q79J5YD4PU;
				ENABLE_STRICT_OBJC_MSGSEND = YES;
				ENABLE_TESTABILITY = YES;
				ENABLE_USER_SCRIPT_SANDBOXING = YES;
				GCC_C_LANGUAGE_STANDARD = gnu17;
				GCC_DYNAMIC_NO_PIC = NO;
				GCC_NO_COMMON_BLOCKS = YES;
				GCC_OPTIMIZATION_LEVEL = 0;
				GCC_PREPROCESSOR_DEFINITIONS = (
					"DEBUG=1",
					"$(inherited)",
				);
				GCC_WARN_64_TO_32_BIT_CONVERSION = YES;
				GCC_WARN_ABOUT_RETURN_TYPE = YES_ERROR;
				GCC_WARN_UNDECLARED_SELECTOR = YES;
				GCC_WARN_UNINITIALIZED_AUTOS = YES_AGGRESSIVE;
				GCC_WARN_UNUSED_FUNCTION = YES;
				GCC_WARN_UNUSED_VARIABLE = YES;
				LOCALIZATION_PREFERS_STRING_CATALOGS = YES;
				MACOSX_DEPLOYMENT_TARGET = 27.0;
				MTL_ENABLE_DEBUG_INFO = INCLUDE_SOURCE;
				MTL_FAST_MATH = YES;
				ONLY_ACTIVE_ARCH = YES;
				SDKROOT = macosx;
				SWIFT_ACTIVE_COMPILATION_CONDITIONS = "DEBUG $(inherited)";
				SWIFT_OPTIMIZATION_LEVEL = "-Onone";
			};
			name = Debug;
		};
		25AC81A1305D90C900C8F69E /* Release configuration for PBXProject "Paint All the Time" */ = {
			isa = XCBuildConfiguration;
			buildSettings = {
				ALWAYS_SEARCH_USER_PATHS = NO;
				ASSETCATALOG_COMPILER_GENERATE_SWIFT_ASSET_SYMBOL_EXTENSIONS = YES;
				CLANG_ANALYZER_NONNULL = YES;
				CLANG_ANALYZER_NUMBER_OBJECT_CONVERSION = YES_AGGRESSIVE;
				CLANG_CXX_LANGUAGE_STANDARD = "gnu++20";
				CLANG_ENABLE_MODULES = YES;
				CLANG_ENABLE_OBJC_ARC = YES;
				CLANG_ENABLE_OBJC_WEAK = YES;
				CLANG_WARN_BLOCK_CAPTURE_AUTORELEASING = YES;
				CLANG_WARN_BOOL_CONVERSION = YES;
				CLANG_WARN_COMMA = YES;
				CLANG_WARN_CONSTANT_CONVERSION = YES;
				CLANG_WARN_DEPRECATED_OBJC_IMPLEMENTATIONS = YES;
				CLANG_WARN_DIRECT_OBJC_ISA_USAGE = YES_ERROR;
				CLANG_WARN_DOCUMENTATION_COMMENTS = YES;
				CLANG_WARN_EMPTY_BODY = YES;
				CLANG_WARN_ENUM_CONVERSION = YES;
				CLANG_WARN_INFINITE_RECURSION = YES;
				CLANG_WARN_INT_CONVERSION = YES;
				CLANG_WARN_NON_LITERAL_NULL_CONVERSION = YES;
				CLANG_WARN_OBJC_IMPLICIT_RETAIN_SELF = YES;
				CLANG_WARN_OBJC_LITERAL_CONVERSION = YES;
				CLANG_WARN_OBJC_ROOT_CLASS = YES_ERROR;
				CLANG_WARN_QUOTED_INCLUDE_IN_FRAMEWORK_HEADER = YES;
				CLANG_WARN_RANGE_LOOP_ANALYSIS = YES;
				CLANG_WARN_STRICT_PROTOTYPES = YES;
				CLANG_WARN_SUSPICIOUS_MOVE = YES;
				CLANG_WARN_UNGUARDED_AVAILABILITY = YES_AGGRESSIVE;
				CLANG_WARN_UNREACHABLE_CODE = YES;
				CLANG_WARN__DUPLICATE_METHOD_MATCH = YES;
				COPY_PHASE_STRIP = NO;
				DEBUG_INFORMATION_FORMAT = "dwarf-with-dsym";
				DEVELOPMENT_TEAM = Q79J5YD4PU;
				ENABLE_NS_ASSERTIONS = NO;
				ENABLE_STRICT_OBJC_MSGSEND = YES;
				ENABLE_USER_SCRIPT_SANDBOXING = YES;
				GCC_C_LANGUAGE_STANDARD = gnu17;
				GCC_NO_COMMON_BLOCKS = YES;
				GCC_WARN_64_TO_32_BIT_CONVERSION = YES;
				GCC_WARN_ABOUT_RETURN_TYPE = YES_ERROR;
				GCC_WARN_UNDECLARED_SELECTOR = YES;
				GCC_WARN_UNINITIALIZED_AUTOS = YES_AGGRESSIVE;
				GCC_WARN_UNUSED_FUNCTION = YES;
				GCC_WARN_UNUSED_VARIABLE = YES;
				LOCALIZATION_PREFERS_STRING_CATALOGS = YES;
				MACOSX_DEPLOYMENT_TARGET = 27.0;
				MTL_ENABLE_DEBUG_INFO = NO;
				MTL_FAST_MATH = YES;
				SDKROOT = macosx;
				SWIFT_COMPILATION_MODE = wholemodule;
			};
			name = Release;
		};
		25AC81A3305D90C900C8F69E /* Debug configuration for PBXNativeTarget "Paint All the Time" */ = {
			isa = XCBuildConfiguration;
			buildSettings = {
				ASSETCATALOG_COMPILER_APPICON_NAME = AppIcon;
				ASSETCATALOG_COMPILER_GLOBAL_ACCENT_COLOR_NAME = AccentColor;
				CODE_SIGN_STYLE = Automatic;
				COMBINE_HIDPI_IMAGES = YES;
				CURRENT_PROJECT_VERSION = 1;
				DEVELOPMENT_TEAM = Q79J5YD4PU;
				ENABLE_APP_SANDBOX = YES;
				ENABLE_HARDENED_RUNTIME = YES;
				ENABLE_PREVIEWS = YES;
				ENABLE_USER_SELECTED_FILES = readonly;
				GENERATE_INFOPLIST_FILE = YES;
				INFOPLIST_KEY_NSHumanReadableCopyright = "";
				LD_RUNPATH_SEARCH_PATHS = (
					"$(inherited)",
					"@executable_path/../Frameworks",
				);
				MARKETING_VERSION = 1.0;
				PRODUCT_BUNDLE_IDENTIFIER = "KolchevDenisOrgmy.Paint-All-the-Time";
				PRODUCT_NAME = "$(TARGET_NAME)";
				REGISTER_APP_GROUPS = YES;
				STRING_CATALOG_GENERATE_SYMBOLS = YES;
				SWIFT_APPROACHABLE_CONCURRENCY = YES;
				SWIFT_DEFAULT_ACTOR_ISOLATION = MainActor;
				SWIFT_EMIT_LOC_STRINGS = YES;
				SWIFT_UPCOMING_FEATURE_MEMBER_IMPORT_VISIBILITY = YES;
				SWIFT_VERSION = 5.0;
			};
			name = Debug;
		};
		25AC81A4305D90C900C8F69E /* Release configuration for PBXNativeTarget "Paint All the Time" */ = {
			isa = XCBuildConfiguration;
			buildSettings = {
				ASSETCATALOG_COMPILER_APPICON_NAME = AppIcon;
				ASSETCATALOG_COMPILER_GLOBAL_ACCENT_COLOR_NAME = AccentColor;
				CODE_SIGN_STYLE = Automatic;
				COMBINE_HIDPI_IMAGES = YES;
				CURRENT_PROJECT_VERSION = 1;
				DEVELOPMENT_TEAM = Q79J5YD4PU;
				ENABLE_APP_SANDBOX = YES;
				ENABLE_HARDENED_RUNTIME = YES;
				ENABLE_PREVIEWS = YES;
				ENABLE_USER_SELECTED_FILES = readonly;
				GENERATE_INFOPLIST_FILE = YES;
				INFOPLIST_KEY_NSHumanReadableCopyright = "";
				LD_RUNPATH_SEARCH_PATHS = (
					"$(inherited)",
					"@executable_path/../Frameworks",
				);
				MARKETING_VERSION = 1.0;
				PRODUCT_BUNDLE_IDENTIFIER = "KolchevDenisOrgmy.Paint-All-the-Time";
				PRODUCT_NAME = "$(TARGET_NAME)";
				REGISTER_APP_GROUPS = YES;
				STRING_CATALOG_GENERATE_SYMBOLS = YES;
				SWIFT_APPROACHABLE_CONCURRENCY = YES;
				SWIFT_DEFAULT_ACTOR_ISOLATION = MainActor;
				SWIFT_EMIT_LOC_STRINGS = YES;
				SWIFT_UPCOMING_FEATURE_MEMBER_IMPORT_VISIBILITY = YES;
				SWIFT_VERSION = 5.0;
			};
			name = Release;
		};
/* End XCBuildConfiguration section */

/* Begin XCConfigurationList section */
		257D4067305EA359002072CB /* Build configuration list for PBXNativeTarget "Paint All the Time (Watch) Watch App" */ = {
			isa = XCConfigurationList;
			buildConfigurations = (
				257D4065305EA359002072CB /* Debug configuration for PBXNativeTarget "Paint All the Time (Watch) Watch App" */,
				257D4066305EA359002072CB /* Release configuration for PBXNativeTarget "Paint All the Time (Watch) Watch App" */,
			);
			defaultConfigurationName = Release;
		};
		257D4068305EA359002072CB /* Build configuration list for PBXNativeTarget "Paint All the Time (Watch)" */ = {
			isa = XCConfigurationList;
			buildConfigurations = (
				257D4062305EA359002072CB /* Debug configuration for PBXNativeTarget "Paint All the Time (Watch)" */,
				257D4063305EA359002072CB /* Release configuration for PBXNativeTarget "Paint All the Time (Watch)" */,
			);
			defaultConfigurationName = Release;
		};
		25AC8192305D90C700C8F69E /* Build configuration list for PBXProject "Paint All the Time" */ = {
			isa = XCConfigurationList;
			buildConfigurations = (
				25AC81A0305D90C900C8F69E /* Debug configuration for PBXProject "Paint All the Time" */,
				25AC81A1305D90C900C8F69E /* Release configuration for PBXProject "Paint All the Time" */,
			);
			defaultConfigurationName = Release;
		};
		25AC81A2305D90C900C8F69E /* Build configuration list for PBXNativeTarget "Paint All the Time" */ = {
			isa = XCConfigurationList;
			buildConfigurations = (
				25AC81A3305D90C900C8F69E /* Debug configuration for PBXNativeTarget "Paint All the Time" */,
				25AC81A4305D90C900C8F69E /* Release configuration for PBXNativeTarget "Paint All the Time" */,
			);
			defaultConfigurationName = Release;
		};
/* End XCConfigurationList section */
	};
	rootObject = 25AC818F305D90C700C8F69E /* Project object */;
	validationLevel = 1;
}
